
Microsoft Visual Studio Solution File, Format Version 12.00
# Visual Studio Version 16
VisualStudioVersion = 16.0.28922.388
MinimumVisualStudioVersion = 10.0.40219.1
Project("{FAE04EC0-301F-11D3-BF4B-00C04F79EFBC}") = "Job_DB_tryMVP", "Job_DB_tryMVP.csproj", "{678A59F4-BBDF-4333-994F-F9BC4857B7E8}"
EndProject
Global
	GlobalSection(SolutionConfigurationPlatforms) = preSolution
		Debug|Any CPU = Debug|Any CPU
		Release|Any CPU = Release|Any CPU
	EndGlobalSection
	GlobalSection(ProjectConfigurationPlatforms) = postSolution
		{678A59F4-BBDF-4333-994F-F9BC4857B7E8}.Debug|Any CPU.ActiveCfg = Debug|Any CPU
		{678A59F4-BBDF-4333-994F-F9BC4857B7E8}.Debug|Any CPU.Build.0 = Debug|Any CPU
		{678A59F4-BBDF-4333-994F-F9BC4857B7E8}.Release|Any CPU.ActiveCfg = Release|Any CPU
		{678A59F4-BBDF-4333-994F-F9BC4857B7E8}.Release|Any CPU.Build.0 = Release|Any CPU
	EndGlobalSection
	GlobalSection(SolutionProperties) = preSolution
		HideSolutionNode = FALSE
	EndGlobalSection
	GlobalSection(ExtensibilityGlobals) = postSolution
		SolutionGuid = {3281A0D8-DFFE-4F81-8BE4-2AE9EB0BF0EB}
	EndGlobalSection
EndGlobal
